
Microsoft Visual Studio Solution File, Format Version 12.00
# Visual Studio Version 16
VisualStudioVersion = 16.0.31025.194
MinimumVisualStudioVersion = 10.0.40219.1
Project("{FAE04EC0-301F-11D3-BF4B-00C04F79EFBC}") = "SocketRansomware", "SocketRansomware.csproj", "{895AC33E-8A48-4C06-BC2E-19B224CAD13D}"
EndProject
Global
	GlobalSection(SolutionConfigurationPlatforms) = preSolution
		Debug|Any CPU = Debug|Any CPU
		Release|Any CPU = Release|Any CPU
	EndGlobalSection
	GlobalSection(ProjectConfigurationPlatforms) = postSolution
		{895AC33E-8A48-4C06-BC2E-19B224CAD13D}.Debug|Any CPU.ActiveCfg = Debug|Any CPU
		{895AC33E-8A48-4C06-BC2E-19B224CAD13D}.Debug|Any CPU.Build.0 = Debug|Any CPU
		{895AC33E-8A48-4C06-BC2E-19B224CAD13D}.Release|Any CPU.ActiveCfg = Release|Any CPU
		{895AC33E-8A48-4C06-BC2E-19B224CAD13D}.Release|Any CPU.Build.0 = Release|Any CPU
	EndGlobalSection
	GlobalSection(SolutionProperties) = preSolution
		HideSolutionNode = FALSE
	EndGlobalSection
	GlobalSection(ExtensibilityGlobals) = postSolution
		SolutionGuid = {F91ABA3B-D1A3-4F00-9535-972E807B05AC}
	EndGlobalSection
EndGlobal
